// !$*UTF8*$!
{
	archiveVersion = 1;
	classes = {
	};
	objectVersion = 48;
	objects = {

/* Begin PBXBuildFile section */
		563AA61420689857000AB13E /* CursosViewController.swift in Sources */ = {isa = PBXBuildFile; fileRef = 563AA61320689857000AB13E /* CursosViewController.swift */; };
		563AA6162068987C000AB13E /* custom.swift in Sources */ = {isa = PBXBuildFile; fileRef = 563AA6152068987C000AB13E /* custom.swift */; };
		566795B820786AAE002A0132 /* custom4CollectionViewCell.swift in Sources */ = {isa = PBXBuildFile; fileRef = 566795B720786AAE002A0132 /* custom4CollectionViewCell.swift */; };
		5671A503206E831B004BCC7A /* EventosViewController.swift in Sources */ = {isa = PBXBuildFile; fileRef = 5671A502206E831B004BCC7A /* EventosViewController.swift */; };
		5671A505206E858C004BCC7A /* custom2CollectionViewCell.swift in Sources */ = {isa = PBXBuildFile; fileRef = 5671A504206E858C004BCC7A /* custom2CollectionViewCell.swift */; };
		5671A507206E8AB0004BCC7A /* homeViewController.swift in Sources */ = {isa = PBXBuildFile; fileRef = 5671A506206E8AB0004BCC7A /* homeViewController.swift */; };
		5671A509206E8AC0004BCC7A /* custom3CollectionViewCell.swift in Sources */ = {isa = PBXBuildFile; fileRef = 5671A508206E8AC0004BCC7A /* custom3CollectionViewCell.swift */; };
		56A340F32064846700EE5487 /* DetalleViewController.swift in Sources */ = {isa = PBXBuildFile; fileRef = 56A340F12064846600EE5487 /* DetalleViewController.swift */; };
		56A340F42064846700EE5487 /* data.swift in Sources */ = {isa = PBXBuildFile; fileRef = 56A340F22064846700EE5487 /* data.swift */; };
		56A340F6206484C700EE5487 /* ClasesViewController.swift in Sources */ = {isa = PBXBuildFile; fileRef = 56A340F5206484C700EE5487 /* ClasesViewController.swift */; };
		56B2BFC2206D96830062E8C7 /* pdfViewController.swift in Sources */ = {isa = PBXBuildFile; fileRef = 56B2BFC1206D96830062E8C7 /* pdfViewController.swift */; };
		56B2BFC4206D9BB70062E8C7 /* streamingViewController.swift in Sources */ = {isa = PBXBuildFile; fileRef = 56B2BFC3206D9BB70062E8C7 /* streamingViewController.swift */; };
		56BA96D02061FF170080AC6C /* VideoViewController.swift in Sources */ = {isa = PBXBuildFile; fileRef = 56BA96CF2061FF170080AC6C /* VideoViewController.swift */; };
		56CDAEDD2061DF0C004DFC5B /* AppDelegate.swift in Sources */ = {isa = PBXBuildFile; fileRef = 56CDAEDC2061DF0C004DFC5B /* AppDelegate.swift */; };
		56CDAEE22061DF0C004DFC5B /* Main.storyboard in Resources */ = {isa = PBXBuildFile; fileRef = 56CDAEE02061DF0C004DFC5B /* Main.storyboard */; };
		56CDAEE52061DF0C004DFC5B /* videoTube.xcdatamodeld in Sources */ = {isa = PBXBuildFile; fileRef = 56CDAEE32061DF0C004DFC5B /* videoTube.xcdatamodeld */; };
		56CDAEE72061DF0C004DFC5B /* Assets.xcassets in Resources */ = {isa = PBXBuildFile; fileRef = 56CDAEE62061DF0C004DFC5B /* Assets.xcassets */; };
		56CDAEEA2061DF0C004DFC5B /* LaunchScreen.storyboard in Resources */ = {isa = PBXBuildFile; fileRef = 56CDAEE82061DF0C004DFC5B /* LaunchScreen.storyboard */; };
		56CDAEF52061DF0D004DFC5B /* videoTubeTests.swift in Sources */ = {isa = PBXBuildFile; fileRef = 56CDAEF42061DF0D004DFC5B /* videoTubeTests.swift */; };
		56CDAF002061DF0D004DFC5B /* videoTubeUITests.swift in Sources */ = {isa = PBXBuildFile; fileRef = 56CDAEFF2061DF0D004DFC5B /* videoTubeUITests.swift */; };
		F15732EA52F5DC628658EABE /* Pods_videoTube.framework in Frameworks */ = {isa = PBXBuildFile; fileRef = 5B69A2A6A0E44622AC45708E /* Pods_videoTube.framework */; };
/* End PBXBuildFile section */

/* Begin PBXContainerItemProxy section */
		56CDAEF12061DF0D004DFC5B /* PBXContainerItemProxy */ = {
			isa = PBXContainerItemProxy;
			containerPortal = 56CDAED12061DF0C004DFC5B /* Project object */;
			proxyType = 1;
			remoteGlobalIDString = 56CDAED82061DF0C004DFC5B;
			remoteInfo = videoTube;
		};
		56CDAEFC2061DF0D004DFC5B /* PBXContainerItemProxy */ = {
			isa = PBXContainerItemProxy;
			containerPortal = 56CDAED12061DF0C004DFC5B /* Project object */;
			proxyType = 1;
			remoteGlobalIDString = 56CDAED82061DF0C004DFC5B;
			remoteInfo = videoTube;
		};
/* End PBXContainerItemProxy section */

/* Begin PBXFileReference section */
		1C216F39C342B9C78F9EC0F5 /* Pods-videoTube.release.xcconfig */ = {isa = PBXFileReference; includeInIndex = 1; lastKnownFileType = text.xcconfig; name = "Pods-videoTube.release.xcconfig"; path = "Pods/Target Support Files/Pods-videoTube/Pods-videoTube.release.xcconfig"; sourceTree = "<group>"; };
		41F2EA76E74BFAB8180FFE87 /* Pods-videoTube.debug.xcconfig */ = {isa = PBXFileReference; includeInIndex = 1; lastKnownFileType = text.xcconfig; name = "Pods-videoTube.debug.xcconfig"; path = "Pods/Target Support Files/Pods-videoTube/Pods-videoTube.debug.xcconfig"; sourceTree = "<group>"; };
		563AA61320689857000AB13E /* CursosViewController.swift */ = {isa = PBXFileReference; lastKnownFileType = sourcecode.swift; path = CursosViewController.swift; sourceTree = "<group>"; };
		563AA6152068987C000AB13E /* custom.swift */ = {isa = PBXFileReference; lastKnownFileType = sourcecode.swift; path = custom.swift; sourceTree = "<group>"; };
		566795B720786AAE002A0132 /* custom4CollectionViewCell.swift */ = {isa = PBXFileReference; lastKnownFileType = sourcecode.swift; path = custom4CollectionViewCell.swift; sourceTree = "<group>"; };
		5671A502206E831B004BCC7A /* EventosViewController.swift */ = {isa = PBXFileReference; lastKnownFileType = sourcecode.swift; path = EventosViewController.swift; sourceTree = "<group>"; };
		5671A504206E858C004BCC7A /* custom2CollectionViewCell.swift */ = {isa = PBXFileReference; lastKnownFileType = sourcecode.swift; path = custom2CollectionViewCell.swift; sourceTree = "<group>"; };
		5671A506206E8AB0004BCC7A /* homeViewController.swift */ = {isa = PBXFileReference; lastKnownFileType = sourcecode.swift; path = homeViewController.swift; sourceTree = "<group>"; };
		5671A508206E8AC0004BCC7A /* custom3CollectionViewCell.swift */ = {isa = PBXFileReference; lastKnownFileType = sourcecode.swift; path = custom3CollectionViewCell.swift; sourceTree = "<group>"; };
		56A340F12064846600EE5487 /* DetalleViewController.swift */ = {isa = PBXFileReference; fileEncoding = 4; lastKnownFileType = sourcecode.swift; path = DetalleViewController.swift; sourceTree = "<group>"; };
		56A340F22064846700EE5487 /* data.swift */ = {isa = PBXFileReference; fileEncoding = 4; lastKnownFileType = sourcecode.swift; path = data.swift; sourceTree = "<group>"; };
		56A340F5206484C700EE5487 /* ClasesViewController.swift */ = {isa = PBXFileReference; lastKnownFileType = sourcecode.swift; path = ClasesViewController.swift; sourceTree = "<group>"; };
		56B2BFC1206D96830062E8C7 /* pdfViewController.swift */ = {isa = PBXFileReference; lastKnownFileType = sourcecode.swift; path = pdfViewController.swift; sourceTree = "<group>"; };
		56B2BFC3206D9BB70062E8C7 /* streamingViewController.swift */ = {isa = PBXFileReference; lastKnownFileType = sourcecode.swift; path = streamingViewController.swift; sourceTree = "<group>"; };
		56BA96CF2061FF170080AC6C /* VideoViewController.swift */ = {isa = PBXFileReference; lastKnownFileType = sourcecode.swift; path = VideoViewController.swift; sourceTree = "<group>"; };
		56CDAED92061DF0C004DFC5B /* videoTube.app */ = {isa = PBXFileReference; explicitFileType = wrapper.application; includeInIndex = 0; path = videoTube.app; sourceTree = BUILT_PRODUCTS_DIR; };
		56CDAEDC2061DF0C004DFC5B /* AppDelegate.swift */ = {isa = PBXFileReference; lastKnownFileType = sourcecode.swift; path = AppDelegate.swift; sourceTree = "<group>"; };
		56CDAEE12061DF0C004DFC5B /* Base */ = {isa = PBXFileReference; lastKnownFileType = file.storyboard; name = Base; path = Base.lproj/Main.storyboard; sourceTree = "<group>"; };
		56CDAEE42061DF0C004DFC5B /* videoTube.xcdatamodel */ = {isa = PBXFileReference; lastKnownFileType = wrapper.xcdatamodel; path = videoTube.xcdatamodel; sourceTree = "<group>"; };
		56CDAEE62061DF0C004DFC5B /* Assets.xcassets */ = {isa = PBXFileReference; lastKnownFileType = folder.assetcatalog; path = Assets.xcassets; sourceTree = "<group>"; };
		56CDAEE92061DF0C004DFC5B /* Base */ = {isa = PBXFileReference; lastKnownFileType = file.storyboard; name = Base; path = Base.lproj/LaunchScreen.storyboard; sourceTree = "<group>"; };
		56CDAEEB2061DF0C004DFC5B /* Info.plist */ = {isa = PBXFileReference; lastKnownFileType = text.plist.xml; path = Info.plist; sourceTree = "<group>"; };
		56CDAEF02061DF0D004DFC5B /* videoTubeTests.xctest */ = {isa = PBXFileReference; explicitFileType = wrapper.cfbundle; includeInIndex = 0; path = videoTubeTests.xctest; sourceTree = BUILT_PRODUCTS_DIR; };
		56CDAEF42061DF0D004DFC5B /* videoTubeTests.swift */ = {isa = PBXFileReference; lastKnownFileType = sourcecode.swift; path = videoTubeTests.swift; sourceTree = "<group>"; };
		56CDAEF62061DF0D004DFC5B /* Info.plist */ = {isa = PBXFileReference; lastKnownFileType = text.plist.xml; path = Info.plist; sourceTree = "<group>"; };
		56CDAEFB2061DF0D004DFC5B /* videoTubeUITests.xctest */ = {isa = PBXFileReference; explicitFileType = wrapper.cfbundle; includeInIndex = 0; path = videoTubeUITests.xctest; sourceTree = BUILT_PRODUCTS_DIR; };
		56CDAEFF2061DF0D004DFC5B /* videoTubeUITests.swift */ = {isa = PBXFileReference; lastKnownFileType = sourcecode.swift; path = videoTubeUITests.swift; sourceTree = "<group>"; };
		56CDAF012061DF0D004DFC5B /* Info.plist */ = {isa = PBXFileReference; lastKnownFileType = text.plist.xml; path = Info.plist; sourceTree = "<group>"; };
		5B69A2A6A0E44622AC45708E /* Pods_videoTube.framework */ = {isa = PBXFileReference; explicitFileType = wrapper.framework; includeInIndex = 0; path = Pods_videoTube.framework; sourceTree = BUILT_PRODUCTS_DIR; };
/* End PBXFileReference section */

/* Begin PBXFrameworksBuildPhase section */
		56CDAED62061DF0C004DFC5B /* Frameworks */ = {
			isa = PBXFrameworksBuildPhase;
			buildActionMask = 2147483647;
			files = (
				F15732EA52F5DC628658EABE /* Pods_videoTube.framework in Frameworks */,
			);
			runOnlyForDeploymentPostprocessing = 0;
		};
		56CDAEED2061DF0C004DFC5B /* Frameworks */ = {
			isa = PBXFrameworksBuildPhase;
			buildActionMask = 2147483647;
			files = (
			);
			runOnlyForDeploymentPostprocessing = 0;
		};
		56CDAEF82061DF0D004DFC5B /* Frameworks */ = {
			isa = PBXFrameworksBuildPhase;
			buildActionMask = 2147483647;
			files = (
			);
			runOnlyForDeploymentPostprocessing = 0;
		};
/* End PBXFrameworksBuildPhase section */

/* Begin PBXGroup section */
		142D574C9FE7B3907CF162FB /* Frameworks */ = {
			isa = PBXGroup;
			children = (
				5B69A2A6A0E44622AC45708E /* Pods_videoTube.framework */,
			);
			name = Frameworks;
			sourceTree = "<group>";
		};
		204995AE238A9C61DECBDC03 /* Pods */ = {
			isa = PBXGroup;
			children = (
				41F2EA76E74BFAB8180FFE87 /* Pods-videoTube.debug.xcconfig */,
				1C216F39C342B9C78F9EC0F5 /* Pods-videoTube.release.xcconfig */,
			);
			name = Pods;
			sourceTree = "<group>";
		};
		56CDAED02061DF0C004DFC5B = {
			isa = PBXGroup;
			children = (
				56CDAEDB2061DF0C004DFC5B /* videoTube */,
				56CDAEF32061DF0D004DFC5B /* videoTubeTests */,
				56CDAEFE2061DF0D004DFC5B /* videoTubeUITests */,
				56CDAEDA2061DF0C004DFC5B /* Products */,
				204995AE238A9C61DECBDC03 /* Pods */,
				142D574C9FE7B3907CF162FB /* Frameworks */,
			);
			sourceTree = "<group>";
		};
		56CDAEDA2061DF0C004DFC5B /* Products */ = {
			isa = PBXGroup;
			children = (
				56CDAED92061DF0C004DFC5B /* videoTube.app */,
				56CDAEF02061DF0D004DFC5B /* videoTubeTests.xctest */,
				56CDAEFB2061DF0D004DFC5B /* videoTubeUITests.xctest */,
			);
			name = Products;
			sourceTree = "<group>";
		};
		56CDAEDB2061DF0C004DFC5B /* videoTube */ = {
			isa = PBXGroup;
			children = (
				56A340F22064846700EE5487 /* data.swift */,
				56CDAEDC2061DF0C004DFC5B /* AppDelegate.swift */,
				56CDAEE02061DF0C004DFC5B /* Main.storyboard */,
				5671A506206E8AB0004BCC7A /* homeViewController.swift */,
				5671A508206E8AC0004BCC7A /* custom3CollectionViewCell.swift */,
				5671A504206E858C004BCC7A /* custom2CollectionViewCell.swift */,
				566795B720786AAE002A0132 /* custom4CollectionViewCell.swift */,
				5671A502206E831B004BCC7A /* EventosViewController.swift */,
				56B2BFC3206D9BB70062E8C7 /* streamingViewController.swift */,
				56B2BFC1206D96830062E8C7 /* pdfViewController.swift */,
				563AA61320689857000AB13E /* CursosViewController.swift */,
				563AA6152068987C000AB13E /* custom.swift */,
				56A340F5206484C700EE5487 /* ClasesViewController.swift */,
				56A340F12064846600EE5487 /* DetalleViewController.swift */,
				56BA96CF2061FF170080AC6C /* VideoViewController.swift */,
				56CDAEE62061DF0C004DFC5B /* Assets.xcassets */,
				56CDAEE82061DF0C004DFC5B /* LaunchScreen.storyboard */,
				56CDAEEB2061DF0C004DFC5B /* Info.plist */,
				56CDAEE32061DF0C004DFC5B /* videoTube.xcdatamodeld */,
			);
			path = videoTube;
			sourceTree = "<group>";
		};
		56CDAEF32061DF0D004DFC5B /* videoTubeTests */ = {
			isa = PBXGroup;
			children = (
				56CDAEF42061DF0D004DFC5B /* videoTubeTests.swift */,
				56CDAEF62061DF0D004DFC5B /* Info.plist */,
			);
			path = videoTubeTests;
			sourceTree = "<group>";
		};
		56CDAEFE2061DF0D004DFC5B /* videoTubeUITests */ = {
			isa = PBXGroup;
			children = (
				56CDAEFF2061DF0D004DFC5B /* videoTubeUITests.swift */,
				56CDAF012061DF0D004DFC5B /* Info.plist */,
			);
			path = videoTubeUITests;
			sourceTree = "<group>";
		};
/* End PBXGroup section */

/* Begin PBXNativeTarget section */
		56CDAED82061DF0C004DFC5B /* videoTube */ = {
			isa = PBXNativeTarget;
			buildConfigurationList = 56CDAF042061DF0D004DFC5B /* Build configuration list for PBXNativeTarget "videoTube" */;
			buildPhases = (
				B1C954DA9729446682BFE570 /* [CP] Check Pods Manifest.lock */,
				56CDAED52061DF0C004DFC5B /* Sources */,
				56CDAED62061DF0C004DFC5B /* Frameworks */,
				56CDAED72061DF0C004DFC5B /* Resources */,
				A1FF2F76791ABA530165DFE4 /* [CP] Embed Pods Frameworks */,
				616A86542E44979E07E52BAA /* [CP] Copy Pods Resources */,
			);
			buildRules = (
			);
			dependencies = (
			);
			name = videoTube;
			productName = videoTube;
			productReference = 56CDAED92061DF0C004DFC5B /* videoTube.app */;
			productType = "com.apple.product-type.application";
		};
		56CDAEEF2061DF0C004DFC5B /* videoTubeTests */ = {
			isa = PBXNativeTarget;
			buildConfigurationList = 56CDAF072061DF0D004DFC5B /* Build configuration list for PBXNativeTarget "videoTubeTests" */;
			buildPhases = (
				56CDAEEC2061DF0C004DFC5B /* Sources */,
				56CDAEED2061DF0C004DFC5B /* Frameworks */,
				56CDAEEE2061DF0C004DFC5B /* Resources */,
			);
			buildRules = (
			);
			dependencies = (
				56CDAEF22061DF0D004DFC5B /* PBXTargetDependency */,
			);
			name = videoTubeTests;
			productName = videoTubeTests;
			productReference = 56CDAEF02061DF0D004DFC5B /* videoTubeTests.xctest */;
			productType = "com.apple.product-type.bundle.unit-test";
		};
		56CDAEFA2061DF0D004DFC5B /* videoTubeUITests */ = {
			isa = PBXNativeTarget;
			buildConfigurationList = 56CDAF0A2061DF0D004DFC5B /* Build configuration list for PBXNativeTarget "videoTubeUITests" */;
			buildPhases = (
				56CDAEF72061DF0D004DFC5B /* Sources */,
				56CDAEF82061DF0D004DFC5B /* Frameworks */,
				56CDAEF92061DF0D004DFC5B /* Resources */,
			);
			buildRules = (
			);
			dependencies = (
				56CDAEFD2061DF0D004DFC5B /* PBXTargetDependency */,
			);
			name = videoTubeUITests;
			productName = videoTubeUITests;
			productReference = 56CDAEFB2061DF0D004DFC5B /* videoTubeUITests.xctest */;
			productType = "com.apple.product-type.bundle.ui-testing";
		};
/* End PBXNativeTarget section */

/* Begin PBXProject section */
		56CDAED12061DF0C004DFC5B /* Project object */ = {
			isa = PBXProject;
			attributes = {
				LastSwiftUpdateCheck = 0900;
				LastUpgradeCheck = 0900;
				ORGANIZATIONNAME = RentalApps;
				TargetAttributes = {
					56CDAED82061DF0C004DFC5B = {
						CreatedOnToolsVersion = 9.0;
						ProvisioningStyle = Automatic;
					};
					56CDAEEF2061DF0C004DFC5B = {
						CreatedOnToolsVersion = 9.0;
						ProvisioningStyle = Automatic;
						TestTargetID = 56CDAED82061DF0C004DFC5B;
					};
					56CDAEFA2061DF0D004DFC5B = {
						CreatedOnToolsVersion = 9.0;
						ProvisioningStyle = Automatic;
						TestTargetID = 56CDAED82061DF0C004DFC5B;
					};
				};
			};
			buildConfigurationList = 56CDAED42061DF0C004DFC5B /* Build configuration list for PBXProject "videoTube" */;
			compatibilityVersion = "Xcode 8.0";
			developmentRegion = en;
			hasScannedForEncodings = 0;
			knownRegions = (
				en,
				Base,
			);
			mainGroup = 56CDAED02061DF0C004DFC5B;
			productRefGroup = 56CDAEDA2061DF0C004DFC5B /* Products */;
			projectDirPath = "";
			projectRoot = "";
			targets = (
				56CDAED82061DF0C004DFC5B /* videoTube */,
				56CDAEEF2061DF0C004DFC5B /* videoTubeTests */,
				56CDAEFA2061DF0D004DFC5B /* videoTubeUITests */,
			);
		};
/* End PBXProject section */

/* Begin PBXResourcesBuildPhase section */
		56CDAED72061DF0C004DFC5B /* Resources */ = {
			isa = PBXResourcesBuildPhase;
			buildActionMask = 2147483647;
			files = (
				56CDAEEA2061DF0C004DFC5B /* LaunchScreen.storyboard in Resources */,
				56CDAEE72061DF0C004DFC5B /* Assets.xcassets in Resources */,
				56CDAEE22061DF0C004DFC5B /* Main.storyboard in Resources */,
			);
			runOnlyForDeploymentPostprocessing = 0;
		};
		56CDAEEE2061DF0C004DFC5B /* Resources */ = {
			isa = PBXResourcesBuildPhase;
			buildActionMask = 2147483647;
			files = (
			);
			runOnlyForDeploymentPostprocessing = 0;
		};
		56CDAEF92061DF0D004DFC5B /* Resources */ = {
			isa = PBXResourcesBuildPhase;
			buildActionMask = 2147483647;
			files = (
			);
			runOnlyForDeploymentPostprocessing = 0;
		};
/* End PBXResourcesBuildPhase section */

/* Begin PBXShellScriptBuildPhase section */
		616A86542E44979E07E52BAA /* [CP] Copy Pods Resources */ = {
			isa = PBXShellScriptBuildPhase;
			buildActionMask = 2147483647;
			files = (
			);
			inputPaths = (
			);
			name = "[CP] Copy Pods Resources";
			outputPaths = (
			);
			runOnlyForDeploymentPostprocessing = 0;
			shellPath = /bin/sh;
			shellScript = "\"${SRCROOT}/Pods/Target Support Files/Pods-videoTube/Pods-videoTube-resources.sh\"\n";
			showEnvVarsInLog = 0;
		};
		A1FF2F76791ABA530165DFE4 /* [CP] Embed Pods Frameworks */ = {
			isa = PBXShellScriptBuildPhase;
			buildActionMask = 2147483647;
			files = (
			);
			inputPaths = (
				"${SRCROOT}/Pods/Target Support Files/Pods-videoTube/Pods-videoTube-frameworks.sh",
				"${BUILT_PRODUCTS_DIR}/YouTubePlayer-Swift/YouTubePlayer_Swift.framework",
			);
			name = "[CP] Embed Pods Frameworks";
			outputPaths = (
				"${TARGET_BUILD_DIR}/${FRAMEWORKS_FOLDER_PATH}/YouTubePlayer_Swift.framework",
			);
			runOnlyForDeploymentPostprocessing = 0;
			shellPath = /bin/sh;
			shellScript = "\"${SRCROOT}/Pods/Target Support Files/Pods-videoTube/Pods-videoTube-frameworks.sh\"\n";
			showEnvVarsInLog = 0;
		};
		B1C954DA9729446682BFE570 /* [CP] Check Pods Manifest.lock */ = {
			isa = PBXShellScriptBuildPhase;
			buildActionMask = 2147483647;
			files = (
			);
			inputPaths = (
				"${PODS_PODFILE_DIR_PATH}/Podfile.lock",
				"${PODS_ROOT}/Manifest.lock",
			);
			name = "[CP] Check Pods Manifest.lock";
			outputPaths = (
				"$(DERIVED_FILE_DIR)/Pods-videoTube-checkManifestLockResult.txt",
			);
			runOnlyForDeploymentPostprocessing = 0;
			shellPath = /bin/sh;
			shellScript = "diff \"${PODS_PODFILE_DIR_PATH}/Podfile.lock\" \"${PODS_ROOT}/Manifest.lock\" > /dev/null\nif [ $? != 0 ] ; then\n    # print error to STDERR\n    echo \"error: The sandbox is not in sync with the Podfile.lock. Run 'pod install' or update your CocoaPods installation.\" >&2\n    exit 1\nfi\n# This output is used by Xcode 'outputs' to avoid re-running this script phase.\necho \"SUCCESS\" > \"${SCRIPT_OUTPUT_FILE_0}\"\n";
			showEnvVarsInLog = 0;
		};
/* End PBXShellScriptBuildPhase section */

/* Begin PBXSourcesBuildPhase section */
		56CDAED52061DF0C004DFC5B /* Sources */ = {
			isa = PBXSourcesBuildPhase;
			buildActionMask = 2147483647;
			files = (
				563AA61420689857000AB13E /* CursosViewController.swift in Sources */,
				56B2BFC4206D9BB70062E8C7 /* streamingViewController.swift in Sources */,
				56B2BFC2206D96830062E8C7 /* pdfViewController.swift in Sources */,
				5671A507206E8AB0004BCC7A /* homeViewController.swift in Sources */,
				56A340F6206484C700EE5487 /* ClasesViewController.swift in Sources */,
				563AA6162068987C000AB13E /* custom.swift in Sources */,
				56A340F42064846700EE5487 /* data.swift in Sources */,
				5671A509206E8AC0004BCC7A /* custom3CollectionViewCell.swift in Sources */,
				5671A505206E858C004BCC7A /* custom2CollectionViewCell.swift in Sources */,
				566795B820786AAE002A0132 /* custom4CollectionViewCell.swift in Sources */,
				56A340F32064846700EE5487 /* DetalleViewController.swift in Sources */,
				56CDAEE52061DF0C004DFC5B /* videoTube.xcdatamodeld in Sources */,
				56CDAEDD2061DF0C004DFC5B /* AppDelegate.swift in Sources */,
				56BA96D02061FF170080AC6C /* VideoViewController.swift in Sources */,
				5671A503206E831B004BCC7A /* EventosViewController.swift in Sources */,
			);
			runOnlyForDeploymentPostprocessing = 0;
		};
		56CDAEEC2061DF0C004DFC5B /* Sources */ = {
			isa = PBXSourcesBuildPhase;
			buildActionMask = 2147483647;
			files = (
				56CDAEF52061DF0D004DFC5B /* videoTubeTests.swift in Sources */,
			);
			runOnlyForDeploymentPostprocessing = 0;
		};
		56CDAEF72061DF0D004DFC5B /* Sources */ = {
			isa = PBXSourcesBuildPhase;
			buildActionMask = 2147483647;
			files = (
				56CDAF002061DF0D004DFC5B /* videoTubeUITests.swift in Sources */,
			);
			runOnlyForDeploymentPostprocessing = 0;
		};
/* End PBXSourcesBuildPhase section */

/* Begin PBXTargetDependency section */
		56CDAEF22061DF0D004DFC5B /* PBXTargetDependency */ = {
			isa = PBXTargetDependency;
			target = 56CDAED82061DF0C004DFC5B /* videoTube */;
			targetProxy = 56CDAEF12061DF0D004DFC5B /* PBXContainerItemProxy */;
		};
		56CDAEFD2061DF0D004DFC5B /* PBXTargetDependency */ = {
			isa = PBXTargetDependency;
			target = 56CDAED82061DF0C004DFC5B /* videoTube */;
			targetProxy = 56CDAEFC2061DF0D004DFC5B /* PBXContainerItemProxy */;
		};
/* End PBXTargetDependency section */

/* Begin PBXVariantGroup section */
		56CDAEE02061DF0C004DFC5B /* Main.storyboard */ = {
			isa = PBXVariantGroup;
			children = (
				56CDAEE12061DF0C004DFC5B /* Base */,
			);
			name = Main.storyboard;
			sourceTree = "<group>";
		};
		56CDAEE82061DF0C004DFC5B /* LaunchScreen.storyboard */ = {
			isa = PBXVariantGroup;
			children = (
				56CDAEE92061DF0C004DFC5B /* Base */,
			);
			name = LaunchScreen.storyboard;
			sourceTree = "<group>";
		};
/* End PBXVariantGroup section */

/* Begin XCBuildConfiguration section */
		56CDAF022061DF0D004DFC5B /* Debug */ = {
			isa = XCBuildConfiguration;
			buildSettings = {
				ALWAYS_SEARCH_USER_PATHS = NO;
				CLANG_ANALYZER_NONNULL = YES;
				CLANG_ANALYZER_NUMBER_OBJECT_CONVERSION = YES_AGGRESSIVE;
				CLANG_CXX_LANGUAGE_STANDARD = "gnu++14";
				CLANG_CXX_LIBRARY = "libc++";
				CLANG_ENABLE_MODULES = YES;
				CLANG_ENABLE_OBJC_ARC = YES;
				CLANG_WARN_BLOCK_CAPTURE_AUTORELEASING = YES;
				CLANG_WARN_BOOL_CONVERSION = YES;
				CLANG_WARN_COMMA = YES;
				CLANG_WARN_CONSTANT_CONVERSION = YES;
				CLANG_WARN_DIRECT_OBJC_ISA_USAGE = YES_ERROR;
				CLANG_WARN_DOCUMENTATION_COMMENTS = YES;
				CLANG_WARN_EMPTY_BODY = YES;
				CLANG_WARN_ENUM_CONVERSION = YES;
				CLANG_WARN_INFINITE_RECURSION = YES;
				CLANG_WARN_INT_CONVERSION = YES;
				CLANG_WARN_NON_LITERAL_NULL_CONVERSION = YES;
				CLANG_WARN_OBJC_LITERAL_CONVERSION = YES;
				CLANG_WARN_OBJC_ROOT_CLASS = YES_ERROR;
				CLANG_WARN_RANGE_LOOP_ANALYSIS = YES;
				CLANG_WARN_STRICT_PROTOTYPES = YES;
				CLANG_WARN_SUSPICIOUS_MOVE = YES;
				CLANG_WARN_UNGUARDED_AVAILABILITY = YES_AGGRESSIVE;
				CLANG_WARN_UNREACHABLE_CODE = YES;
				CLANG_WARN__DUPLICATE_METHOD_MATCH = YES;
				CODE_SIGN_IDENTITY = "iPhone Developer";
				COPY_PHASE_STRIP = NO;
				DEBUG_INFORMATION_FORMAT = dwarf;
				ENABLE_STRICT_OBJC_MSGSEND = YES;
				ENABLE_TESTABILITY = YES;
				GCC_C_LANGUAGE_STANDARD = gnu11;
				GCC_DYNAMIC_NO_PIC = NO;
				GCC_NO_COMMON_BLOCKS = YES;
				GCC_OPTIMIZATION_LEVEL = 0;
				GCC_PREPROCESSOR_DEFINITIONS = (
					"DEBUG=1",
					"$(inherited)",
				);
				GCC_WARN_64_TO_32_BIT_CONVERSION = YES;
				GCC_WARN_ABOUT_RETURN_TYPE = YES_ERROR;
				GCC_WARN_UNDECLARED_SELECTOR = YES;
				GCC_WARN_UNINITIALIZED_AUTOS = YES_AGGRESSIVE;
				GCC_WARN_UNUSED_FUNCTION = YES;
				GCC_WARN_UNUSED_VARIABLE = YES;
				IPHONEOS_DEPLOYMENT_TARGET = 11.0;
				MTL_ENABLE_DEBUG_INFO = YES;
				ONLY_ACTIVE_ARCH = YES;
				SDKROOT = iphoneos;
				SWIFT_ACTIVE_COMPILATION_CONDITIONS = DEBUG;
				SWIFT_OPTIMIZATION_LEVEL = "-Onone";
			};
			name = Debug;
		};
		56CDAF032061DF0D004DFC5B /* Release */ = {
			isa = XCBuildConfiguration;
			buildSettings = {
				ALWAYS_SEARCH_USER_PATHS = NO;
				CLANG_ANALYZER_NONNULL = YES;
				CLANG_ANALYZER_NUMBER_OBJECT_CONVERSION = YES_AGGRESSIVE;
				CLANG_CXX_LANGUAGE_STANDARD = "gnu++14";
				CLANG_CXX_LIBRARY = "libc++";
				CLANG_ENABLE_MODULES = YES;
				CLANG_ENABLE_OBJC_ARC = YES;
				CLANG_WARN_BLOCK_CAPTURE_AUTORELEASING = YES;
				CLANG_WARN_BOOL_CONVERSION = YES;
				CLANG_WARN_COMMA = YES;
				CLANG_WARN_CONSTANT_CONVERSION = YES;
				CLANG_WARN_DIRECT_OBJC_ISA_USAGE = YES_ERROR;
				CLANG_WARN_DOCUMENTATION_COMMENTS = YES;
				CLANG_WARN_EMPTY_BODY = YES;
				CLANG_WARN_ENUM_CONVERSION = YES;
				CLANG_WARN_INFINITE_RECURSION = YES;
				CLANG_WARN_INT_CONVERSION = YES;
				CLANG_WARN_NON_LITERAL_NULL_CONVERSION = YES;
				CLANG_WARN_OBJC_LITERAL_CONVERSION = YES;
				CLANG_WARN_OBJC_ROOT_CLASS = YES_ERROR;
				CLANG_WARN_RANGE_LOOP_ANALYSIS = YES;
				CLANG_WARN_STRICT_PROTOTYPES = YES;
				CLANG_WARN_SUSPICIOUS_MOVE = YES;
				CLANG_WARN_UNGUARDED_AVAILABILITY = YES_AGGRESSIVE;
				CLANG_WARN_UNREACHABLE_CODE = YES;
				CLANG_WARN__DUPLICATE_METHOD_MATCH = YES;
				CODE_SIGN_IDENTITY = "iPhone Developer";
				COPY_PHASE_STRIP = NO;
				DEBUG_INFORMATION_FORMAT = "dwarf-with-dsym";
				ENABLE_NS_ASSERTIONS = NO;
				ENABLE_STRICT_OBJC_MSGSEND = YES;
				GCC_C_LANGUAGE_STANDARD = gnu11;
				GCC_NO_COMMON_BLOCKS = YES;
				GCC_WARN_64_TO_32_BIT_CONVERSION = YES;
				GCC_WARN_ABOUT_RETURN_TYPE = YES_ERROR;
				GCC_WARN_UNDECLARED_SELECTOR = YES;
				GCC_WARN_UNINITIALIZED_AUTOS = YES_AGGRESSIVE;
				GCC_WARN_UNUSED_FUNCTION = YES;
				GCC_WARN_UNUSED_VARIABLE = YES;
				IPHONEOS_DEPLOYMENT_TARGET = 11.0;
				MTL_ENABLE_DEBUG_INFO = NO;
				SDKROOT = iphoneos;
				SWIFT_OPTIMIZATION_LEVEL = "-Owholemodule";
				VALIDATE_PRODUCT = YES;
			};
			name = Release;
		};
		56CDAF052061DF0D004DFC5B /* Debug */ = {
			isa = XCBuildConfiguration;
			baseConfigurationReference = 41F2EA76E74BFAB8180FFE87 /* Pods-videoTube.debug.xcconfig */;
			buildSettings = {
				ASSETCATALOG_COMPILER_APPICON_NAME = AppIcon;
				CODE_SIGN_STYLE = Automatic;
				DEVELOPMENT_TEAM = 2Y7A6GRU4X;
				INFOPLIST_FILE = videoTube/Info.plist;
				IPHONEOS_DEPLOYMENT_TARGET = 10.0;
				LD_RUNPATH_SEARCH_PATHS = "$(inherited) @executable_path/Frameworks";
				PRODUCT_BUNDLE_IDENTIFIER = com.RentalApps.VideoTube.videoTube;
				PRODUCT_NAME = "$(TARGET_NAME)";
				SWIFT_VERSION = 4.0;
				TARGETED_DEVICE_FAMILY = "1,2";
			};
			name = Debug;
		};
		56CDAF062061DF0D004DFC5B /* Release */ = {
			isa = XCBuildConfiguration;
			baseConfigurationReference = 1C216F39C342B9C78F9EC0F5 /* Pods-videoTube.release.xcconfig */;
			buildSettings = {
				ASSETCATALOG_COMPILER_APPICON_NAME = AppIcon;
				CODE_SIGN_STYLE = Automatic;
				DEVELOPMENT_TEAM = 2Y7A6GRU4X;
				INFOPLIST_FILE = videoTube/Info.plist;
				IPHONEOS_DEPLOYMENT_TARGET = 10.0;
				LD_RUNPATH_SEARCH_PATHS = "$(inherited) @executable_path/Frameworks";
				PRODUCT_BUNDLE_IDENTIFIER = com.RentalApps.VideoTube.videoTube;
				PRODUCT_NAME = "$(TARGET_NAME)";
				SWIFT_VERSION = 4.0;
				TARGETED_DEVICE_FAMILY = "1,2";
			};
			name = Release;
		};
		56CDAF082061DF0D004DFC5B /* Debug */ = {
			isa = XCBuildConfiguration;
			buildSettings = {
				ALWAYS_EMBED_SWIFT_STANDARD_LIBRARIES = YES;
				BUNDLE_LOADER = "$(TEST_HOST)";
				CODE_SIGN_STYLE = Automatic;
				DEVELOPMENT_TEAM = 2Y7A6GRU4X;
				INFOPLIST_FILE = videoTubeTests/Info.plist;
				LD_RUNPATH_SEARCH_PATHS = "$(inherited) @executable_path/Frameworks @loader_path/Frameworks";
				PRODUCT_BUNDLE_IDENTIFIER = com.RentalApps.VideoTube.videoTubeTests;
				PRODUCT_NAME = "$(TARGET_NAME)";
				SWIFT_VERSION = 4.0;
				TARGETED_DEVICE_FAMILY = "1,2";
				TEST_HOST = "$(BUILT_PRODUCTS_DIR)/videoTube.app/videoTube";
			};
			name = Debug;
		};
		56CDAF092061DF0D004DFC5B /* Release */ = {
			isa = XCBuildConfiguration;
			buildSettings = {
				ALWAYS_EMBED_SWIFT_STANDARD_LIBRARIES = YES;
				BUNDLE_LOADER = "$(TEST_HOST)";
				CODE_SIGN_STYLE = Automatic;
				DEVELOPMENT_TEAM = 2Y7A6GRU4X;
				INFOPLIST_FILE = videoTubeTests/Info.plist;
				LD_RUNPATH_SEARCH_PATHS = "$(inherited) @executable_path/Frameworks @loader_path/Frameworks";
				PRODUCT_BUNDLE_IDENTIFIER = com.RentalApps.VideoTube.videoTubeTests;
				PRODUCT_NAME = "$(TARGET_NAME)";
				SWIFT_VERSION = 4.0;
				TARGETED_DEVICE_FAMILY = "1,2";
				TEST_HOST = "$(BUILT_PRODUCTS_DIR)/videoTube.app/videoTube";
			};
			name = Release;
		};
		56CDAF0B2061DF0D004DFC5B /* Debug */ = {
			isa = XCBuildConfiguration;
			buildSettings = {
				ALWAYS_EMBED_SWIFT_STANDARD_LIBRARIES = YES;
				CODE_SIGN_STYLE = Automatic;
				DEVELOPMENT_TEAM = 2Y7A6GRU4X;
				INFOPLIST_FILE = videoTubeUITests/Info.plist;
				LD_RUNPATH_SEARCH_PATHS = "$(inherited) @executable_path/Frameworks @loader_path/Frameworks";
				PRODUCT_BUNDLE_IDENTIFIER = com.RentalApps.VideoTube.videoTubeUITests;
				PRODUCT_NAME = "$(TARGET_NAME)";
				SWIFT_VERSION = 4.0;
				TARGETED_DEVICE_FAMILY = "1,2";
				TEST_TARGET_NAME = videoTube;
			};
			name = Debug;
		};
		56CDAF0C2061DF0D004DFC5B /* Release */ = {
			isa = XCBuildConfiguration;
			buildSettings = {
				ALWAYS_EMBED_SWIFT_STANDARD_LIBRARIES = YES;
				CODE_SIGN_STYLE = Automatic;
				DEVELOPMENT_TEAM = 2Y7A6GRU4X;
				INFOPLIST_FILE = videoTubeUITests/Info.plist;
				LD_RUNPATH_SEARCH_PATHS = "$(inherited) @executable_path/Frameworks @loader_path/Frameworks";
				PRODUCT_BUNDLE_IDENTIFIER = com.RentalApps.VideoTube.videoTubeUITests;
				PRODUCT_NAME = "$(TARGET_NAME)";
				SWIFT_VERSION = 4.0;
				TARGETED_DEVICE_FAMILY = "1,2";
				TEST_TARGET_NAME = videoTube;
			};
			name = Release;
		};
/* End XCBuildConfiguration section */

/* Begin XCConfigurationList section */
		56CDAED42061DF0C004DFC5B /* Build configuration list for PBXProject "videoTube" */ = {
			isa = XCConfigurationList;
			buildConfigurations = (
				56CDAF022061DF0D004DFC5B /* Debug */,
				56CDAF032061DF0D004DFC5B /* Release */,
			);
			defaultConfigurationIsVisible = 0;
			defaultConfigurationName = Release;
		};
		56CDAF042061DF0D004DFC5B /* Build configuration list for PBXNativeTarget "videoTube" */ = {
			isa = XCConfigurationList;
			buildConfigurations = (
				56CDAF052061DF0D004DFC5B /* Debug */,
				56CDAF062061DF0D004DFC5B /* Release */,
			);
			defaultConfigurationIsVisible = 0;
			defaultConfigurationName = Release;
		};
		56CDAF072061DF0D004DFC5B /* Build configuration list for PBXNativeTarget "videoTubeTests" */ = {
			isa = XCConfigurationList;
			buildConfigurations = (
				56CDAF082061DF0D004DFC5B /* Debug */,
				56CDAF092061DF0D004DFC5B /* Release */,
			);
			defaultConfigurationIsVisible = 0;
			defaultConfigurationName = Release;
		};
		56CDAF0A2061DF0D004DFC5B /* Build configuration list for PBXNativeTarget "videoTubeUITests" */ = {
			isa = XCConfigurationList;
			buildConfigurations = (
				56CDAF0B2061DF0D004DFC5B /* Debug */,
				56CDAF0C2061DF0D004DFC5B /* Release */,
			);
			defaultConfigurationIsVisible = 0;
			defaultConfigurationName = Release;
		};
/* End XCConfigurationList section */

/* Begin XCVersionGroup section */
		56CDAEE32061DF0C004DFC5B /* videoTube.xcdatamodeld */ = {
			isa = XCVersionGroup;
			children = (
				56CDAEE42061DF0C004DFC5B /* videoTube.xcdatamodel */,
			);
			currentVersion = 56CDAEE42061DF0C004DFC5B /* videoTube.xcdatamodel */;
			path = videoTube.xcdatamodeld;
			sourceTree = "<group>";
			versionGroupType = wrapper.xcdatamodel;
		};
/* End XCVersionGroup section */
	};
	rootObject = 56CDAED12061DF0C004DFC5B /* Project object */;
}
